
Microsoft Visual Studio Solution File, Format Version 12.00
# Visual Studio Version 16
VisualStudioVersion = 16.0.31321.278
MinimumVisualStudioVersion = 10.0.40219.1
Project("{9A19103F-16F7-4668-BE54-9A1E7A4F7556}") = "SovTechAPI1", "SovTechAPI1\SovTechAPI1.csproj", "{839BA739-5E51-4780-BAFB-D30F7220CE03}"
EndProject
Global
	GlobalSection(SolutionConfigurationPlatforms) = preSolution
		Debug|Any CPU = Debug|Any CPU
		Release|Any CPU = Release|Any CPU
	EndGlobalSection
	GlobalSection(ProjectConfigurationPlatforms) = postSolution
		{839BA739-5E51-4780-BAFB-D30F7220CE03}.Debug|Any CPU.ActiveCfg = Debug|Any CPU
		{839BA739-5E51-4780-BAFB-D30F7220CE03}.Debug|Any CPU.Build.0 = Debug|Any CPU
		{839BA739-5E51-4780-BAFB-D30F7220CE03}.Release|Any CPU.ActiveCfg = Release|Any CPU
		{839BA739-5E51-4780-BAFB-D30F7220CE03}.Release|Any CPU.Build.0 = Release|Any CPU
	EndGlobalSection
	GlobalSection(SolutionProperties) = preSolution
		HideSolutionNode = FALSE
	EndGlobalSection
	GlobalSection(ExtensibilityGlobals) = postSolution
		SolutionGuid = {D8524AB2-9DB3-419C-B2EB-AC19DE9F2A37}
	EndGlobalSection
EndGlobal
